
Microsoft Visual Studio Solution File, Format Version 12.00
# Visual Studio Express 2012 for Windows Desktop
Project("{8BC9CEB8-8B4A-11D0-8D11-00A0C91BC942}") = "gdiWindow", "gdiWindow\gdiWindow.vcxproj", "{5A4DE053-72F9-4157-A626-36303503E856}"
EndProject
Global
	GlobalSection(SolutionConfigurationPlatforms) = preSolution
		Debug|Win32 = Debug|Win32
		Release|Win32 = Release|Win32
	EndGlobalSection
	GlobalSection(ProjectConfigurationPlatforms) = postSolution
		{5A4DE053-72F9-4157-A626-36303503E856}.Debug|Win32.ActiveCfg = Debug|Win32
		{5A4DE053-72F9-4157-A626-36303503E856}.Debug|Win32.Build.0 = Debug|Win32
		{5A4DE053-72F9-4157-A626-36303503E856}.Release|Win32.ActiveCfg = Release|Win32
		{5A4DE053-72F9-4157-A626-36303503E856}.Release|Win32.Build.0 = Release|Win32
	EndGlobalSection
	GlobalSection(SolutionProperties) = preSolution
		HideSolutionNode = FALSE
	EndGlobalSection
EndGlobal
